[[package]]
name = "bgop"
version = "1.0.0"
dependencies = [
 "wns 1.0.0",
]

[[package]]
name = "r4"
version = "1.0.0"
dependencies = [
 "stream 1.0.0",
 "stream_process 1.0.0",
 "stream_stdout 1.0.0",
]

[[package]]
name = "stream"
version = "1.0.0"

[[package]]
name = "stream_process"
version = "1.0.0"
dependencies = [
 "bgop 1.0.0",
 "stream 1.0.0",
]

[[package]]
name = "stream_stdout"
version = "1.0.0"
dependencies = [
 "stream 1.0.0",
]

[[package]]
name = "wns"
version = "1.0.0"

