[[package]]
name = "aggregator"
version = "1.0.0"
dependencies = [
 "lazy_static 1.2.0 (registry+https://github.com/rust-lang/crates.io-index)",
 "record 1.0.0",
 "registry 1.0.0",
]

[[package]]
name = "bgop"
version = "1.0.0"
dependencies = [
 "stream 1.0.0",
 "wns 1.0.0",
]

[[package]]
name = "clumper"
version = "1.0.0"
dependencies = [
 "lazy_static 1.2.0 (registry+https://github.com/rust-lang/crates.io-index)",
 "record 1.0.0",
 "registry 1.0.0",
 "stream 1.0.0",
]

[[package]]
name = "itoa"
version = "0.4.3"
source = "registry+https://github.com/rust-lang/crates.io-index"

[[package]]
name = "lazy_static"
version = "1.2.0"
source = "registry+https://github.com/rust-lang/crates.io-index"

[[package]]
name = "operation"
version = "1.0.0"
dependencies = [
 "aggregator 1.0.0",
 "bgop 1.0.0",
 "clumper 1.0.0",
 "lazy_static 1.2.0 (registry+https://github.com/rust-lang/crates.io-index)",
 "opts 1.0.0",
 "record 1.0.0",
 "registry 1.0.0",
 "serde_json 1.0.33 (registry+https://github.com/rust-lang/crates.io-index)",
 "stream 1.0.0",
 "stream_process 1.0.0",
]

[[package]]
name = "opts"
version = "1.0.0"

[[package]]
name = "r4"
version = "1.0.0"
dependencies = [
 "operation 1.0.0",
 "stream 1.0.0",
 "stream_process 1.0.0",
]

[[package]]
name = "record"
version = "1.0.0"
dependencies = [
 "serde_json 1.0.33 (registry+https://github.com/rust-lang/crates.io-index)",
]

[[package]]
name = "registry"
version = "1.0.0"

[[package]]
name = "ryu"
version = "0.2.7"
source = "registry+https://github.com/rust-lang/crates.io-index"

[[package]]
name = "serde"
version = "1.0.82"
source = "registry+https://github.com/rust-lang/crates.io-index"

[[package]]
name = "serde_json"
version = "1.0.33"
source = "registry+https://github.com/rust-lang/crates.io-index"
dependencies = [
 "itoa 0.4.3 (registry+https://github.com/rust-lang/crates.io-index)",
 "ryu 0.2.7 (registry+https://github.com/rust-lang/crates.io-index)",
 "serde 1.0.82 (registry+https://github.com/rust-lang/crates.io-index)",
]

[[package]]
name = "stream"
version = "1.0.0"
dependencies = [
 "record 1.0.0",
]

[[package]]
name = "stream_process"
version = "1.0.0"
dependencies = [
 "bgop 1.0.0",
 "stream 1.0.0",
]

[[package]]
name = "wns"
version = "1.0.0"

[metadata]
"checksum itoa 0.4.3 (registry+https://github.com/rust-lang/crates.io-index)" = "1306f3464951f30e30d12373d31c79fbd52d236e5e896fd92f96ec7babbbe60b"
"checksum lazy_static 1.2.0 (registry+https://github.com/rust-lang/crates.io-index)" = "a374c89b9db55895453a74c1e38861d9deec0b01b405a82516e9d5de4820dea1"
"checksum ryu 0.2.7 (registry+https://github.com/rust-lang/crates.io-index)" = "eb9e9b8cde282a9fe6a42dd4681319bfb63f121b8a8ee9439c6f4107e58a46f7"
"checksum serde 1.0.82 (registry+https://github.com/rust-lang/crates.io-index)" = "6fa52f19aee12441d5ad11c9a00459122bd8f98707cadf9778c540674f1935b6"
"checksum serde_json 1.0.33 (registry+https://github.com/rust-lang/crates.io-index)" = "c37ccd6be3ed1fdf419ee848f7c758eb31b054d7cd3ae3600e3bae0adf569811"
